
Microsoft Visual Studio Solution File, Format Version 12.00
# Visual Studio Version 16
VisualStudioVersion = 16.0.30611.23
MinimumVisualStudioVersion = 10.0.40219.1
Project("{FAE04EC0-301F-11D3-BF4B-00C04F79EFBC}") = "EdTech_game", "EdTech_game\EdTech_game.csproj", "{FD4561B5-32CA-4513-ACE6-651D5E908A61}"
EndProject
Project("{FAE04EC0-301F-11D3-BF4B-00C04F79EFBC}") = "EdTech_game.Tests", "EdTech_game.Tests\EdTech_game.Tests.csproj", "{409C9ED0-B580-4683-822B-ED55131AB3CC}"
EndProject
Global
	GlobalSection(SolutionConfigurationPlatforms) = preSolution
		Debug|Any CPU = Debug|Any CPU
		Release|Any CPU = Release|Any CPU
	EndGlobalSection
	GlobalSection(ProjectConfigurationPlatforms) = postSolution
		{FD4561B5-32CA-4513-ACE6-651D5E908A61}.Debug|Any CPU.ActiveCfg = Debug|Any CPU
		{FD4561B5-32CA-4513-ACE6-651D5E908A61}.Debug|Any CPU.Build.0 = Debug|Any CPU
		{FD4561B5-32CA-4513-ACE6-651D5E908A61}.Release|Any CPU.ActiveCfg = Release|Any CPU
		{FD4561B5-32CA-4513-ACE6-651D5E908A61}.Release|Any CPU.Build.0 = Release|Any CPU
		{409C9ED0-B580-4683-822B-ED55131AB3CC}.Debug|Any CPU.ActiveCfg = Debug|Any CPU
		{409C9ED0-B580-4683-822B-ED55131AB3CC}.Debug|Any CPU.Build.0 = Debug|Any CPU
		{409C9ED0-B580-4683-822B-ED55131AB3CC}.Release|Any CPU.ActiveCfg = Release|Any CPU
		{409C9ED0-B580-4683-822B-ED55131AB3CC}.Release|Any CPU.Build.0 = Release|Any CPU
	EndGlobalSection
	GlobalSection(SolutionProperties) = preSolution
		HideSolutionNode = FALSE
	EndGlobalSection
	GlobalSection(ExtensibilityGlobals) = postSolution
		SolutionGuid = {2BA6FFAC-8E45-4016-97E9-B4DA8A83B82A}
	EndGlobalSection
EndGlobal
